
Microsoft Visual Studio Solution File, Format Version 12.00
# Visual Studio Version 17
VisualStudioVersion = 17.0.31919.166
MinimumVisualStudioVersion = 10.0.40219.1
Project("{9A19103F-16F7-4668-BE54-9A1E7A4F7556}") = "Kontrol 2 Server", "Kontrol 2 Server\Kontrol 2 Server.csproj", "{733B6893-8BA8-424D-BC72-959A3DBF3D57}"
EndProject
Project("{9A19103F-16F7-4668-BE54-9A1E7A4F7556}") = "Kontrol 2 Client", "Kontrol 2 Client\Kontrol 2 Client.csproj", "{24024314-72B9-49D2-82A6-95B39803A5C0}"
EndProject
Global
	GlobalSection(SolutionConfigurationPlatforms) = preSolution
		Debug|Any CPU = Debug|Any CPU
		Debug|x64 = Debug|x64
		Release|Any CPU = Release|Any CPU
		Release|x64 = Release|x64
	EndGlobalSection
	GlobalSection(ProjectConfigurationPlatforms) = postSolution
		{733B6893-8BA8-424D-BC72-959A3DBF3D57}.Debug|Any CPU.ActiveCfg = Debug|Any CPU
		{733B6893-8BA8-424D-BC72-959A3DBF3D57}.Debug|Any CPU.Build.0 = Debug|Any CPU
		{733B6893-8BA8-424D-BC72-959A3DBF3D57}.Debug|x64.ActiveCfg = Debug|x64
		{733B6893-8BA8-424D-BC72-959A3DBF3D57}.Debug|x64.Build.0 = Debug|x64
		{733B6893-8BA8-424D-BC72-959A3DBF3D57}.Release|Any CPU.ActiveCfg = Release|Any CPU
		{733B6893-8BA8-424D-BC72-959A3DBF3D57}.Release|Any CPU.Build.0 = Release|Any CPU
		{733B6893-8BA8-424D-BC72-959A3DBF3D57}.Release|x64.ActiveCfg = Release|x64
		{733B6893-8BA8-424D-BC72-959A3DBF3D57}.Release|x64.Build.0 = Release|x64
		{24024314-72B9-49D2-82A6-95B39803A5C0}.Debug|Any CPU.ActiveCfg = Debug|Any CPU
		{24024314-72B9-49D2-82A6-95B39803A5C0}.Debug|Any CPU.Build.0 = Debug|Any CPU
		{24024314-72B9-49D2-82A6-95B39803A5C0}.Debug|x64.ActiveCfg = Debug|x64
		{24024314-72B9-49D2-82A6-95B39803A5C0}.Debug|x64.Build.0 = Debug|x64
		{24024314-72B9-49D2-82A6-95B39803A5C0}.Release|Any CPU.ActiveCfg = Release|Any CPU
		{24024314-72B9-49D2-82A6-95B39803A5C0}.Release|Any CPU.Build.0 = Release|Any CPU
		{24024314-72B9-49D2-82A6-95B39803A5C0}.Release|x64.ActiveCfg = Release|x64
		{24024314-72B9-49D2-82A6-95B39803A5C0}.Release|x64.Build.0 = Release|x64
	EndGlobalSection
	GlobalSection(SolutionProperties) = preSolution
		HideSolutionNode = FALSE
	EndGlobalSection
	GlobalSection(ExtensibilityGlobals) = postSolution
		SolutionGuid = {A1200CDA-0893-4939-952F-AA7831F74645}
	EndGlobalSection
EndGlobal
